
Microsoft Visual Studio Solution File, Format Version 12.00
# Visual Studio Version 17
VisualStudioVersion = 17.3.32929.385
MinimumVisualStudioVersion = 10.0.40219.1
Project("{2150E333-8FDC-42A3-9474-1A3956D46DE8}") = "00. Libraries", "00. Libraries", "{FFFA88D2-2F91-49D1-8AA1-BFF9726BB78F}"
EndProject
Project("{2150E333-8FDC-42A3-9474-1A3956D46DE8}") = "01. Aplicação", "01. Aplicação", "{446F476A-A953-493B-B88F-8FE54A9DC546}"
EndProject
Project("{9A19103F-16F7-4668-BE54-9A1E7A4F7556}") = "SistemaMonitoramento.API", "SistemaMonitoramento.API\SistemaMonitoramento.API.csproj", "{B63EFE08-7B30-48FA-8AE2-BC00338E5806}"
EndProject
Project("{9A19103F-16F7-4668-BE54-9A1E7A4F7556}") = "SistemaMonitoramento.Model", "SistemaMonitoramento.Model\SistemaMonitoramento.Model.csproj", "{96EA6A10-FD2A-4D31-B4A3-1EB579D69D4E}"
EndProject
Project("{9A19103F-16F7-4668-BE54-9A1E7A4F7556}") = "SistemaMonitoramento.DataAccess", "SistemaMonitoramento.DataAccess\SistemaMonitoramento.DataAccess.csproj", "{67E816D1-B95A-4447-BAE0-FAB4AC8E7063}"
EndProject
Project("{9A19103F-16F7-4668-BE54-9A1E7A4F7556}") = "SistemaMonitoramento.Util", "SistemaMonitoramento.Util\SistemaMonitoramento.Util.csproj", "{F12C7938-32D0-486F-AF07-EE42F7E3E5D8}"
EndProject
Project("{9A19103F-16F7-4668-BE54-9A1E7A4F7556}") = "SistemaMonitoramento.Sql", "SistemaMonitoramento.Sql\SistemaMonitoramento.Sql.csproj", "{F4F7719E-3C53-4673-9139-DD6C18497D31}"
EndProject
Project("{FAE04EC0-301F-11D3-BF4B-00C04F79EFBC}") = "SistemaMonitoramento.Web", "SistemaMonitoramento.Web\SistemaMonitoramento.Web.csproj", "{AAE31907-70B0-416A-8672-57251E9B2810}"
EndProject
Global
	GlobalSection(SolutionConfigurationPlatforms) = preSolution
		Debug|Any CPU = Debug|Any CPU
		Release|Any CPU = Release|Any CPU
	EndGlobalSection
	GlobalSection(ProjectConfigurationPlatforms) = postSolution
		{B63EFE08-7B30-48FA-8AE2-BC00338E5806}.Debug|Any CPU.ActiveCfg = Debug|Any CPU
		{B63EFE08-7B30-48FA-8AE2-BC00338E5806}.Debug|Any CPU.Build.0 = Debug|Any CPU
		{B63EFE08-7B30-48FA-8AE2-BC00338E5806}.Release|Any CPU.ActiveCfg = Release|Any CPU
		{B63EFE08-7B30-48FA-8AE2-BC00338E5806}.Release|Any CPU.Build.0 = Release|Any CPU
		{96EA6A10-FD2A-4D31-B4A3-1EB579D69D4E}.Debug|Any CPU.ActiveCfg = Debug|Any CPU
		{96EA6A10-FD2A-4D31-B4A3-1EB579D69D4E}.Debug|Any CPU.Build.0 = Debug|Any CPU
		{96EA6A10-FD2A-4D31-B4A3-1EB579D69D4E}.Release|Any CPU.ActiveCfg = Release|Any CPU
		{96EA6A10-FD2A-4D31-B4A3-1EB579D69D4E}.Release|Any CPU.Build.0 = Release|Any CPU
		{67E816D1-B95A-4447-BAE0-FAB4AC8E7063}.Debug|Any CPU.ActiveCfg = Debug|Any CPU
		{67E816D1-B95A-4447-BAE0-FAB4AC8E7063}.Debug|Any CPU.Build.0 = Debug|Any CPU
		{67E816D1-B95A-4447-BAE0-FAB4AC8E7063}.Release|Any CPU.ActiveCfg = Release|Any CPU
		{67E816D1-B95A-4447-BAE0-FAB4AC8E7063}.Release|Any CPU.Build.0 = Release|Any CPU
		{F12C7938-32D0-486F-AF07-EE42F7E3E5D8}.Debug|Any CPU.ActiveCfg = Debug|Any CPU
		{F12C7938-32D0-486F-AF07-EE42F7E3E5D8}.Debug|Any CPU.Build.0 = Debug|Any CPU
		{F12C7938-32D0-486F-AF07-EE42F7E3E5D8}.Release|Any CPU.ActiveCfg = Release|Any CPU
		{F12C7938-32D0-486F-AF07-EE42F7E3E5D8}.Release|Any CPU.Build.0 = Release|Any CPU
		{F4F7719E-3C53-4673-9139-DD6C18497D31}.Debug|Any CPU.ActiveCfg = Debug|Any CPU
		{F4F7719E-3C53-4673-9139-DD6C18497D31}.Debug|Any CPU.Build.0 = Debug|Any CPU
		{F4F7719E-3C53-4673-9139-DD6C18497D31}.Release|Any CPU.ActiveCfg = Release|Any CPU
		{F4F7719E-3C53-4673-9139-DD6C18497D31}.Release|Any CPU.Build.0 = Release|Any CPU
		{AAE31907-70B0-416A-8672-57251E9B2810}.Debug|Any CPU.ActiveCfg = Debug|Any CPU
		{AAE31907-70B0-416A-8672-57251E9B2810}.Debug|Any CPU.Build.0 = Debug|Any CPU
		{AAE31907-70B0-416A-8672-57251E9B2810}.Release|Any CPU.ActiveCfg = Release|Any CPU
		{AAE31907-70B0-416A-8672-57251E9B2810}.Release|Any CPU.Build.0 = Release|Any CPU
	EndGlobalSection
	GlobalSection(SolutionProperties) = preSolution
		HideSolutionNode = FALSE
	EndGlobalSection
	GlobalSection(NestedProjects) = preSolution
		{B63EFE08-7B30-48FA-8AE2-BC00338E5806} = {446F476A-A953-493B-B88F-8FE54A9DC546}
		{96EA6A10-FD2A-4D31-B4A3-1EB579D69D4E} = {446F476A-A953-493B-B88F-8FE54A9DC546}
		{67E816D1-B95A-4447-BAE0-FAB4AC8E7063} = {FFFA88D2-2F91-49D1-8AA1-BFF9726BB78F}
		{F12C7938-32D0-486F-AF07-EE42F7E3E5D8} = {FFFA88D2-2F91-49D1-8AA1-BFF9726BB78F}
		{F4F7719E-3C53-4673-9139-DD6C18497D31} = {446F476A-A953-493B-B88F-8FE54A9DC546}
		{AAE31907-70B0-416A-8672-57251E9B2810} = {446F476A-A953-493B-B88F-8FE54A9DC546}
	EndGlobalSection
	GlobalSection(ExtensibilityGlobals) = postSolution
		SolutionGuid = {73B36E30-D5D7-4AAC-9CEC-1B9251B98EC6}
	EndGlobalSection
EndGlobal
